{
  "lockfile-version": 1,
  "manifest": {
    "version": 1,
    "install": {
      "nodejs_22": {
        "pkg-path": "nodejs_22"
      },
      "pnpm": {
        "pkg-path": "pnpm"
      }
    },
    "hook": {},
    "profile": {},
    "options": {
      "systems": [
        "aarch64-darwin",
        "aarch64-linux",
        "x86_64-darwin",
        "x86_64-linux"
      ],
      "allow": {
        "licenses": []
      },
      "semver": {}
    }
  },
  "packages": [
    {
      "attr_path": "nodejs_22",
      "broken": false,
      "derivation": "/nix/store/10kk87phm9rrgxawdw9bmkp2sjh3h9bx-nodejs-22.10.0.drv",
      "description": "Event-driven I/O framework for the V8 JavaScript engine",
      "install_id": "nodejs_22",
      "license": "MIT",
      "locked_url": "https://github.com/flox/nixpkgs?rev=d70bd19e0a38ad4790d3913bf08fcbfc9eeca507",
      "name": "nodejs-22.10.0",
      "pname": "nodejs_22",
      "rev": "d70bd19e0a38ad4790d3913bf08fcbfc9eeca507",
      "rev_count": 724962,
      "rev_date": "2024-12-19T23:01:11Z",
      "scrape_date": "2024-12-23T03:54:12Z",
      "stabilities": [
        "unstable"
      ],
      "unfree": false,
      "version": "nodejs-22.10.0",
      "outputs_to_install": [
        "out"
      ],
      "outputs": {
        "libv8": "/nix/store/2qwjlhfyn2k3dixjgqxnwhsxxyn46rxl-nodejs-22.10.0-libv8",
        "out": "/nix/store/y6piwcsias394n5kflisg8jhll9czk2x-nodejs-22.10.0"
      },
      "system": "aarch64-darwin",
      "group": "toplevel",
      "priority": 5
    },
    {
      "attr_path": "nodejs_22",
      "broken": false,
      "derivation": "/nix/store/376p66q71mk7yzqpjrynkfqj96i4d7xp-nodejs-22.10.0.drv",
      "description": "Event-driven I/O framework for the V8 JavaScript engine",
      "install_id": "nodejs_22",
      "license": "MIT",
      "locked_url": "https://github.com/flox/nixpkgs?rev=d70bd19e0a38ad4790d3913bf08fcbfc9eeca507",
      "name": "nodejs-22.10.0",
      "pname": "nodejs_22",
      "rev": "d70bd19e0a38ad4790d3913bf08fcbfc9eeca507",
      "rev_count": 724962,
      "rev_date": "2024-12-19T23:01:11Z",
      "scrape_date": "2024-12-23T03:54:12Z",
      "stabilities": [
        "unstable"
      ],
      "unfree": false,
      "version": "nodejs-22.10.0",
      "outputs_to_install": [
        "out"
      ],
      "outputs": {
        "libv8": "/nix/store/649q0xdwl617h2s8j50f7880df60w37a-nodejs-22.10.0-libv8",
        "out": "/nix/store/ayfg2m6gwh5047hapf316jrilxd8kk4k-nodejs-22.10.0"
      },
      "system": "aarch64-linux",
      "group": "toplevel",
      "priority": 5
    },
    {
      "attr_path": "nodejs_22",
      "broken": false,
      "derivation": "/nix/store/nnpls29mnac193zb9a683i57rb1ypgz3-nodejs-22.10.0.drv",
      "description": "Event-driven I/O framework for the V8 JavaScript engine",
      "install_id": "nodejs_22",
      "license": "MIT",
      "locked_url": "https://github.com/flox/nixpkgs?rev=d70bd19e0a38ad4790d3913bf08fcbfc9eeca507",
      "name": "nodejs-22.10.0",
      "pname": "nodejs_22",
      "rev": "d70bd19e0a38ad4790d3913bf08fcbfc9eeca507",
      "rev_count": 724962,
      "rev_date": "2024-12-19T23:01:11Z",
      "scrape_date": "2024-12-23T03:54:12Z",
      "stabilities": [
        "unstable"
      ],
      "unfree": false,
      "version": "nodejs-22.10.0",
      "outputs_to_install": [
        "out"
      ],
      "outputs": {
        "libv8": "/nix/store/g1bmrm6lq74zdid30q8hh3102qxpk7p7-nodejs-22.10.0-libv8",
        "out": "/nix/store/4rmbk8pg2lvv22aqjk8b539pfspsm98m-nodejs-22.10.0"
      },
      "system": "x86_64-darwin",
      "group": "toplevel",
      "priority": 5
    },
    {
      "attr_path": "nodejs_22",
      "broken": false,
      "derivation": "/nix/store/1v1yzd9zb670qn6lcn95jj0kvp33fl1g-nodejs-22.10.0.drv",
      "description": "Event-driven I/O framework for the V8 JavaScript engine",
      "install_id": "nodejs_22",
      "license": "MIT",
      "locked_url": "https://github.com/flox/nixpkgs?rev=d70bd19e0a38ad4790d3913bf08fcbfc9eeca507",
      "name": "nodejs-22.10.0",
      "pname": "nodejs_22",
      "rev": "d70bd19e0a38ad4790d3913bf08fcbfc9eeca507",
      "rev_count": 724962,
      "rev_date": "2024-12-19T23:01:11Z",
      "scrape_date": "2024-12-23T03:54:12Z",
      "stabilities": [
        "unstable"
      ],
      "unfree": false,
      "version": "nodejs-22.10.0",
      "outputs_to_install": [
        "out"
      ],
      "outputs": {
        "libv8": "/nix/store/j9kj5x00fh8sac4mfb6dxmfg1dk5af90-nodejs-22.10.0-libv8",
        "out": "/nix/store/hnkyz55vndmvwhg6nzpliv86gh6sxg7h-nodejs-22.10.0"
      },
      "system": "x86_64-linux",
      "group": "toplevel",
      "priority": 5
    },
    {
      "attr_path": "pnpm",
      "broken": false,
      "derivation": "/nix/store/8l5qr5lbycclarfqvh179c1ia2b734w2-pnpm-9.15.0.drv",
      "description": "Fast, disk space efficient package manager for JavaScript",
      "install_id": "pnpm",
      "license": "MIT",
      "locked_url": "https://github.com/flox/nixpkgs?rev=d70bd19e0a38ad4790d3913bf08fcbfc9eeca507",
      "name": "pnpm-9.15.0",
      "pname": "pnpm",
      "rev": "d70bd19e0a38ad4790d3913bf08fcbfc9eeca507",
      "rev_count": 724962,
      "rev_date": "2024-12-19T23:01:11Z",
      "scrape_date": "2024-12-23T03:54:12Z",
      "stabilities": [
        "unstable"
      ],
      "unfree": false,
      "version": "9.15.0",
      "outputs_to_install": [
        "out"
      ],
      "outputs": {
        "out": "/nix/store/rxzyv00jks0r6vbgdj02n6h1x6fg3vz0-pnpm-9.15.0"
      },
      "system": "aarch64-darwin",
      "group": "toplevel",
      "priority": 5
    },
    {
      "attr_path": "pnpm",
      "broken": false,
      "derivation": "/nix/store/cfmy9rbg4ppbh1g47b0w3cw9kn7hdp5p-pnpm-9.15.0.drv",
      "description": "Fast, disk space efficient package manager for JavaScript",
      "install_id": "pnpm",
      "license": "MIT",
      "locked_url": "https://github.com/flox/nixpkgs?rev=d70bd19e0a38ad4790d3913bf08fcbfc9eeca507",
      "name": "pnpm-9.15.0",
      "pname": "pnpm",
      "rev": "d70bd19e0a38ad4790d3913bf08fcbfc9eeca507",
      "rev_count": 724962,
      "rev_date": "2024-12-19T23:01:11Z",
      "scrape_date": "2024-12-23T03:54:12Z",
      "stabilities": [
        "unstable"
      ],
      "unfree": false,
      "version": "9.15.0",
      "outputs_to_install": [
        "out"
      ],
      "outputs": {
        "out": "/nix/store/x82c8bxyxrxbr6ambki8i7s9z0yvgjfv-pnpm-9.15.0"
      },
      "system": "aarch64-linux",
      "group": "toplevel",
      "priority": 5
    },
    {
      "attr_path": "pnpm",
      "broken": false,
      "derivation": "/nix/store/1hh9kkxz74493nwmvlipcvsgaxyyd4vz-pnpm-9.15.0.drv",
      "description": "Fast, disk space efficient package manager for JavaScript",
      "install_id": "pnpm",
      "license": "MIT",
      "locked_url": "https://github.com/flox/nixpkgs?rev=d70bd19e0a38ad4790d3913bf08fcbfc9eeca507",
      "name": "pnpm-9.15.0",
      "pname": "pnpm",
      "rev": "d70bd19e0a38ad4790d3913bf08fcbfc9eeca507",
      "rev_count": 724962,
      "rev_date": "2024-12-19T23:01:11Z",
      "scrape_date": "2024-12-23T03:54:12Z",
      "stabilities": [
        "unstable"
      ],
      "unfree": false,
      "version": "9.15.0",
      "outputs_to_install": [
        "out"
      ],
      "outputs": {
        "out": "/nix/store/hiaxj1yqwpkmh8fvl0z8cg2vdy8bfrsn-pnpm-9.15.0"
      },
      "system": "x86_64-darwin",
      "group": "toplevel",
      "priority": 5
    },
    {
      "attr_path": "pnpm",
      "broken": false,
      "derivation": "/nix/store/fgvmc3r83r2qgmrrl52q8yj3870cdglw-pnpm-9.15.0.drv",
      "description": "Fast, disk space efficient package manager for JavaScript",
      "install_id": "pnpm",
      "license": "MIT",
      "locked_url": "https://github.com/flox/nixpkgs?rev=d70bd19e0a38ad4790d3913bf08fcbfc9eeca507",
      "name": "pnpm-9.15.0",
      "pname": "pnpm",
      "rev": "d70bd19e0a38ad4790d3913bf08fcbfc9eeca507",
      "rev_count": 724962,
      "rev_date": "2024-12-19T23:01:11Z",
      "scrape_date": "2024-12-23T03:54:12Z",
      "stabilities": [
        "unstable"
      ],
      "unfree": false,
      "version": "9.15.0",
      "outputs_to_install": [
        "out"
      ],
      "outputs": {
        "out": "/nix/store/z8s3r4vwf4r26g2d7shnw5lva6ihim8f-pnpm-9.15.0"
      },
      "system": "x86_64-linux",
      "group": "toplevel",
      "priority": 5
    }
  ]
}